// !$*UTF8*$!
{
	archiveVersion = 1;
	classes = {
	};
	objectVersion = 48;
	objects = {

/* Begin PBXBuildFile section */
		4A08DABF1FB031A200EE2E49 /* AppDelegate.m in Sources */ = {isa = PBXBuildFile; fileRef = 4A08DABE1FB031A200EE2E49 /* AppDelegate.m */; };
		4A08DAC21FB031A200EE2E49 /* ViewController.m in Sources */ = {isa = PBXBuildFile; fileRef = 4A08DAC11FB031A200EE2E49 /* ViewController.m */; };
		4A08DAC51FB031A200EE2E49 /* Main.storyboard in Resources */ = {isa = PBXBuildFile; fileRef = 4A08DAC31FB031A200EE2E49 /* Main.storyboard */; };
		4A08DAC81FB031A200EE2E49 /* WWTool.xcdatamodeld in Sources */ = {isa = PBXBuildFile; fileRef = 4A08DAC61FB031A200EE2E49 /* WWTool.xcdatamodeld */; };
		4A08DACA1FB031A200EE2E49 /* Assets.xcassets in Resources */ = {isa = PBXBuildFile; fileRef = 4A08DAC91FB031A200EE2E49 /* Assets.xcassets */; };
		4A08DACD1FB031A200EE2E49 /* LaunchScreen.storyboard in Resources */ = {isa = PBXBuildFile; fileRef = 4A08DACB1FB031A200EE2E49 /* LaunchScreen.storyboard */; };
		4A08DAD01FB031A200EE2E49 /* main.m in Sources */ = {isa = PBXBuildFile; fileRef = 4A08DACF1FB031A200EE2E49 /* main.m */; };
		4A08DADA1FB031A200EE2E49 /* WWToolTests.m in Sources */ = {isa = PBXBuildFile; fileRef = 4A08DAD91FB031A200EE2E49 /* WWToolTests.m */; };
		4A08DAE51FB031A300EE2E49 /* WWToolUITests.m in Sources */ = {isa = PBXBuildFile; fileRef = 4A08DAE41FB031A300EE2E49 /* WWToolUITests.m */; };
		4A08DAFC1FB04FF300EE2E49 /* WWSaveUtils.m in Sources */ = {isa = PBXBuildFile; fileRef = 4A08DAFB1FB04FF300EE2E49 /* WWSaveUtils.m */; };
/* End PBXBuildFile section */

/* Begin PBXContainerItemProxy section */
		4A08DAD61FB031A200EE2E49 /* PBXContainerItemProxy */ = {
			isa = PBXContainerItemProxy;
			containerPortal = 4A08DAB21FB031A200EE2E49 /* Project object */;
			proxyType = 1;
			remoteGlobalIDString = 4A08DAB91FB031A200EE2E49;
			remoteInfo = WWTool;
		};
		4A08DAE11FB031A300EE2E49 /* PBXContainerItemProxy */ = {
			isa = PBXContainerItemProxy;
			containerPortal = 4A08DAB21FB031A200EE2E49 /* Project object */;
			proxyType = 1;
			remoteGlobalIDString = 4A08DAB91FB031A200EE2E49;
			remoteInfo = WWTool;
		};
/* End PBXContainerItemProxy section */

/* Begin PBXFileReference section */
		4A08DABA1FB031A200EE2E49 /* WWTool.app */ = {isa = PBXFileReference; explicitFileType = wrapper.application; includeInIndex = 0; path = WWTool.app; sourceTree = BUILT_PRODUCTS_DIR; };
		4A08DABD1FB031A200EE2E49 /* AppDelegate.h */ = {isa = PBXFileReference; lastKnownFileType = sourcecode.c.h; path = AppDelegate.h; sourceTree = "<group>"; };
		4A08DABE1FB031A200EE2E49 /* AppDelegate.m */ = {isa = PBXFileReference; lastKnownFileType = sourcecode.c.objc; path = AppDelegate.m; sourceTree = "<group>"; };
		4A08DAC01FB031A200EE2E49 /* ViewController.h */ = {isa = PBXFileReference; lastKnownFileType = sourcecode.c.h; path = ViewController.h; sourceTree = "<group>"; };
		4A08DAC11FB031A200EE2E49 /* ViewController.m */ = {isa = PBXFileReference; lastKnownFileType = sourcecode.c.objc; path = ViewController.m; sourceTree = "<group>"; };
		4A08DAC41FB031A200EE2E49 /* Base */ = {isa = PBXFileReference; lastKnownFileType = file.storyboard; name = Base; path = Base.lproj/Main.storyboard; sourceTree = "<group>"; };
		4A08DAC71FB031A200EE2E49 /* WWTool.xcdatamodel */ = {isa = PBXFileReference; lastKnownFileType = wrapper.xcdatamodel; path = WWTool.xcdatamodel; sourceTree = "<group>"; };
		4A08DAC91FB031A200EE2E49 /* Assets.xcassets */ = {isa = PBXFileReference; lastKnownFileType = folder.assetcatalog; path = Assets.xcassets; sourceTree = "<group>"; };
		4A08DACC1FB031A200EE2E49 /* Base */ = {isa = PBXFileReference; lastKnownFileType = file.storyboard; name = Base; path = Base.lproj/LaunchScreen.storyboard; sourceTree = "<group>"; };
		4A08DACE1FB031A200EE2E49 /* Info.plist */ = {isa = PBXFileReference; lastKnownFileType = text.plist.xml; path = Info.plist; sourceTree = "<group>"; };
		4A08DACF1FB031A200EE2E49 /* main.m */ = {isa = PBXFileReference; lastKnownFileType = sourcecode.c.objc; path = main.m; sourceTree = "<group>"; };
		4A08DAD51FB031A200EE2E49 /* WWToolTests.xctest */ = {isa = PBXFileReference; explicitFileType = wrapper.cfbundle; includeInIndex = 0; path = WWToolTests.xctest; sourceTree = BUILT_PRODUCTS_DIR; };
		4A08DAD91FB031A200EE2E49 /* WWToolTests.m */ = {isa = PBXFileReference; lastKnownFileType = sourcecode.c.objc; path = WWToolTests.m; sourceTree = "<group>"; };
		4A08DADB1FB031A200EE2E49 /* Info.plist */ = {isa = PBXFileReference; lastKnownFileType = text.plist.xml; path = Info.plist; sourceTree = "<group>"; };
		4A08DAE01FB031A300EE2E49 /* WWToolUITests.xctest */ = {isa = PBXFileReference; explicitFileType = wrapper.cfbundle; includeInIndex = 0; path = WWToolUITests.xctest; sourceTree = BUILT_PRODUCTS_DIR; };
		4A08DAE41FB031A300EE2E49 /* WWToolUITests.m */ = {isa = PBXFileReference; lastKnownFileType = sourcecode.c.objc; path = WWToolUITests.m; sourceTree = "<group>"; };
		4A08DAE61FB031A300EE2E49 /* Info.plist */ = {isa = PBXFileReference; lastKnownFileType = text.plist.xml; path = Info.plist; sourceTree = "<group>"; };
		4A08DAF51FB04E6D00EE2E49 /* WWElement.h */ = {isa = PBXFileReference; lastKnownFileType = sourcecode.c.h; path = WWElement.h; sourceTree = "<group>"; };
		4A08DAFA1FB04FF300EE2E49 /* WWSaveUtils.h */ = {isa = PBXFileReference; lastKnownFileType = sourcecode.c.h; path = WWSaveUtils.h; sourceTree = "<group>"; };
		4A08DAFB1FB04FF300EE2E49 /* WWSaveUtils.m */ = {isa = PBXFileReference; lastKnownFileType = sourcecode.c.objc; path = WWSaveUtils.m; sourceTree = "<group>"; };
/* End PBXFileReference section */

/* Begin PBXFrameworksBuildPhase section */
		4A08DAB71FB031A200EE2E49 /* Frameworks */ = {
			isa = PBXFrameworksBuildPhase;
			buildActionMask = 2147483647;
			files = (
			);
			runOnlyForDeploymentPostprocessing = 0;
		};
		4A08DAD21FB031A200EE2E49 /* Frameworks */ = {
			isa = PBXFrameworksBuildPhase;
			buildActionMask = 2147483647;
			files = (
			);
			runOnlyForDeploymentPostprocessing = 0;
		};
		4A08DADD1FB031A200EE2E49 /* Frameworks */ = {
			isa = PBXFrameworksBuildPhase;
			buildActionMask = 2147483647;
			files = (
			);
			runOnlyForDeploymentPostprocessing = 0;
		};
/* End PBXFrameworksBuildPhase section */

/* Begin PBXGroup section */
		4A08DAB11FB031A200EE2E49 = {
			isa = PBXGroup;
			children = (
				4A08DABC1FB031A200EE2E49 /* WWTool */,
				4A08DAD81FB031A200EE2E49 /* WWToolTests */,
				4A08DAE31FB031A300EE2E49 /* WWToolUITests */,
				4A08DABB1FB031A200EE2E49 /* Products */,
			);
			sourceTree = "<group>";
		};
		4A08DABB1FB031A200EE2E49 /* Products */ = {
			isa = PBXGroup;
			children = (
				4A08DABA1FB031A200EE2E49 /* WWTool.app */,
				4A08DAD51FB031A200EE2E49 /* WWToolTests.xctest */,
				4A08DAE01FB031A300EE2E49 /* WWToolUITests.xctest */,
			);
			name = Products;
			sourceTree = "<group>";
		};
		4A08DABC1FB031A200EE2E49 /* WWTool */ = {
			isa = PBXGroup;
			children = (
				4A08DAF41FB04E6D00EE2E49 /* WWElement */,
				4A08DABD1FB031A200EE2E49 /* AppDelegate.h */,
				4A08DABE1FB031A200EE2E49 /* AppDelegate.m */,
				4A08DAC01FB031A200EE2E49 /* ViewController.h */,
				4A08DAC11FB031A200EE2E49 /* ViewController.m */,
				4A08DAC31FB031A200EE2E49 /* Main.storyboard */,
				4A08DAC91FB031A200EE2E49 /* Assets.xcassets */,
				4A08DACB1FB031A200EE2E49 /* LaunchScreen.storyboard */,
				4A08DACE1FB031A200EE2E49 /* Info.plist */,
				4A08DACF1FB031A200EE2E49 /* main.m */,
				4A08DAC61FB031A200EE2E49 /* WWTool.xcdatamodeld */,
			);
			path = WWTool;
			sourceTree = "<group>";
		};
		4A08DAD81FB031A200EE2E49 /* WWToolTests */ = {
			isa = PBXGroup;
			children = (
				4A08DAD91FB031A200EE2E49 /* WWToolTests.m */,
				4A08DADB1FB031A200EE2E49 /* Info.plist */,
			);
			path = WWToolTests;
			sourceTree = "<group>";
		};
		4A08DAE31FB031A300EE2E49 /* WWToolUITests */ = {
			isa = PBXGroup;
			children = (
				4A08DAE41FB031A300EE2E49 /* WWToolUITests.m */,
				4A08DAE61FB031A300EE2E49 /* Info.plist */,
			);
			path = WWToolUITests;
			sourceTree = "<group>";
		};
		4A08DAF41FB04E6D00EE2E49 /* WWElement */ = {
			isa = PBXGroup;
			children = (
				4A08DAF51FB04E6D00EE2E49 /* WWElement.h */,
				4A08DAFA1FB04FF300EE2E49 /* WWSaveUtils.h */,
				4A08DAFB1FB04FF300EE2E49 /* WWSaveUtils.m */,
			);
			path = WWElement;
			sourceTree = SOURCE_ROOT;
		};
/* End PBXGroup section */

/* Begin PBXNativeTarget section */
		4A08DAB91FB031A200EE2E49 /* WWTool */ = {
			isa = PBXNativeTarget;
			buildConfigurationList = 4A08DAE91FB031A300EE2E49 /* Build configuration list for PBXNativeTarget "WWTool" */;
			buildPhases = (
				4A08DAB61FB031A200EE2E49 /* Sources */,
				4A08DAB71FB031A200EE2E49 /* Frameworks */,
				4A08DAB81FB031A200EE2E49 /* Resources */,
			);
			buildRules = (
			);
			dependencies = (
			);
			name = WWTool;
			productName = WWTool;
			productReference = 4A08DABA1FB031A200EE2E49 /* WWTool.app */;
			productType = "com.apple.product-type.application";
		};
		4A08DAD41FB031A200EE2E49 /* WWToolTests */ = {
			isa = PBXNativeTarget;
			buildConfigurationList = 4A08DAEC1FB031A300EE2E49 /* Build configuration list for PBXNativeTarget "WWToolTests" */;
			buildPhases = (
				4A08DAD11FB031A200EE2E49 /* Sources */,
				4A08DAD21FB031A200EE2E49 /* Frameworks */,
				4A08DAD31FB031A200EE2E49 /* Resources */,
			);
			buildRules = (
			);
			dependencies = (
				4A08DAD71FB031A200EE2E49 /* PBXTargetDependency */,
			);
			name = WWToolTests;
			productName = WWToolTests;
			productReference = 4A08DAD51FB031A200EE2E49 /* WWToolTests.xctest */;
			productType = "com.apple.product-type.bundle.unit-test";
		};
		4A08DADF1FB031A200EE2E49 /* WWToolUITests */ = {
			isa = PBXNativeTarget;
			buildConfigurationList = 4A08DAEF1FB031A300EE2E49 /* Build configuration list for PBXNativeTarget "WWToolUITests" */;
			buildPhases = (
				4A08DADC1FB031A200EE2E49 /* Sources */,
				4A08DADD1FB031A200EE2E49 /* Frameworks */,
				4A08DADE1FB031A200EE2E49 /* Resources */,
			);
			buildRules = (
			);
			dependencies = (
				4A08DAE21FB031A300EE2E49 /* PBXTargetDependency */,
			);
			name = WWToolUITests;
			productName = WWToolUITests;
			productReference = 4A08DAE01FB031A300EE2E49 /* WWToolUITests.xctest */;
			productType = "com.apple.product-type.bundle.ui-testing";
		};
/* End PBXNativeTarget section */

/* Begin PBXProject section */
		4A08DAB21FB031A200EE2E49 /* Project object */ = {
			isa = PBXProject;
			attributes = {
				LastUpgradeCheck = 0900;
				ORGANIZATIONNAME = "王伟";
				TargetAttributes = {
					4A08DAB91FB031A200EE2E49 = {
						CreatedOnToolsVersion = 9.0;
						ProvisioningStyle = Automatic;
					};
					4A08DAD41FB031A200EE2E49 = {
						CreatedOnToolsVersion = 9.0;
						ProvisioningStyle = Automatic;
						TestTargetID = 4A08DAB91FB031A200EE2E49;
					};
					4A08DADF1FB031A200EE2E49 = {
						CreatedOnToolsVersion = 9.0;
						ProvisioningStyle = Automatic;
						TestTargetID = 4A08DAB91FB031A200EE2E49;
					};
				};
			};
			buildConfigurationList = 4A08DAB51FB031A200EE2E49 /* Build configuration list for PBXProject "WWTool" */;
			compatibilityVersion = "Xcode 8.0";
			developmentRegion = en;
			hasScannedForEncodings = 0;
			knownRegions = (
				en,
				Base,
			);
			mainGroup = 4A08DAB11FB031A200EE2E49;
			productRefGroup = 4A08DABB1FB031A200EE2E49 /* Products */;
			projectDirPath = "";
			projectRoot = "";
			targets = (
				4A08DAB91FB031A200EE2E49 /* WWTool */,
				4A08DAD41FB031A200EE2E49 /* WWToolTests */,
				4A08DADF1FB031A200EE2E49 /* WWToolUITests */,
			);
		};
/* End PBXProject section */

/* Begin PBXResourcesBuildPhase section */
		4A08DAB81FB031A200EE2E49 /* Resources */ = {
			isa = PBXResourcesBuildPhase;
			buildActionMask = 2147483647;
			files = (
				4A08DACD1FB031A200EE2E49 /* LaunchScreen.storyboard in Resources */,
				4A08DACA1FB031A200EE2E49 /* Assets.xcassets in Resources */,
				4A08DAC51FB031A200EE2E49 /* Main.storyboard in Resources */,
			);
			runOnlyForDeploymentPostprocessing = 0;
		};
		4A08DAD31FB031A200EE2E49 /* Resources */ = {
			isa = PBXResourcesBuildPhase;
			buildActionMask = 2147483647;
			files = (
			);
			runOnlyForDeploymentPostprocessing = 0;
		};
		4A08DADE1FB031A200EE2E49 /* Resources */ = {
			isa = PBXResourcesBuildPhase;
			buildActionMask = 2147483647;
			files = (
			);
			runOnlyForDeploymentPostprocessing = 0;
		};
/* End PBXResourcesBuildPhase section */

/* Begin PBXSourcesBuildPhase section */
		4A08DAB61FB031A200EE2E49 /* Sources */ = {
			isa = PBXSourcesBuildPhase;
			buildActionMask = 2147483647;
			files = (
				4A08DAFC1FB04FF300EE2E49 /* WWSaveUtils.m in Sources */,
				4A08DAC21FB031A200EE2E49 /* ViewController.m in Sources */,
				4A08DAC81FB031A200EE2E49 /* WWTool.xcdatamodeld in Sources */,
				4A08DAD01FB031A200EE2E49 /* main.m in Sources */,
				4A08DABF1FB031A200EE2E49 /* AppDelegate.m in Sources */,
			);
			runOnlyForDeploymentPostprocessing = 0;
		};
		4A08DAD11FB031A200EE2E49 /* Sources */ = {
			isa = PBXSourcesBuildPhase;
			buildActionMask = 2147483647;
			files = (
				4A08DADA1FB031A200EE2E49 /* WWToolTests.m in Sources */,
			);
			runOnlyForDeploymentPostprocessing = 0;
		};
		4A08DADC1FB031A200EE2E49 /* Sources */ = {
			isa = PBXSourcesBuildPhase;
			buildActionMask = 2147483647;
			files = (
				4A08DAE51FB031A300EE2E49 /* WWToolUITests.m in Sources */,
			);
			runOnlyForDeploymentPostprocessing = 0;
		};
/* End PBXSourcesBuildPhase section */

/* Begin PBXTargetDependency section */
		4A08DAD71FB031A200EE2E49 /* PBXTargetDependency */ = {
			isa = PBXTargetDependency;
			target = 4A08DAB91FB031A200EE2E49 /* WWTool */;
			targetProxy = 4A08DAD61FB031A200EE2E49 /* PBXContainerItemProxy */;
		};
		4A08DAE21FB031A300EE2E49 /* PBXTargetDependency */ = {
			isa = PBXTargetDependency;
			target = 4A08DAB91FB031A200EE2E49 /* WWTool */;
			targetProxy = 4A08DAE11FB031A300EE2E49 /* PBXContainerItemProxy */;
		};
/* End PBXTargetDependency section */

/* Begin PBXVariantGroup section */
		4A08DAC31FB031A200EE2E49 /* Main.storyboard */ = {
			isa = PBXVariantGroup;
			children = (
				4A08DAC41FB031A200EE2E49 /* Base */,
			);
			name = Main.storyboard;
			sourceTree = "<group>";
		};
		4A08DACB1FB031A200EE2E49 /* LaunchScreen.storyboard */ = {
			isa = PBXVariantGroup;
			children = (
				4A08DACC1FB031A200EE2E49 /* Base */,
			);
			name = LaunchScreen.storyboard;
			sourceTree = "<group>";
		};
/* End PBXVariantGroup section */

/* Begin XCBuildConfiguration section */
		4A08DAE71FB031A300EE2E49 /* Debug */ = {
			isa = XCBuildConfiguration;
			buildSettings = {
				ALWAYS_SEARCH_USER_PATHS = NO;
				CLANG_ANALYZER_NONNULL = YES;
				CLANG_ANALYZER_NUMBER_OBJECT_CONVERSION = YES_AGGRESSIVE;
				CLANG_CXX_LANGUAGE_STANDARD = "gnu++14";
				CLANG_CXX_LIBRARY = "libc++";
				CLANG_ENABLE_MODULES = YES;
				CLANG_ENABLE_OBJC_ARC = YES;
				CLANG_WARN_BLOCK_CAPTURE_AUTORELEASING = YES;
				CLANG_WARN_BOOL_CONVERSION = YES;
				CLANG_WARN_COMMA = YES;
				CLANG_WARN_CONSTANT_CONVERSION = YES;
				CLANG_WARN_DIRECT_OBJC_ISA_USAGE = YES_ERROR;
				CLANG_WARN_DOCUMENTATION_COMMENTS = YES;
				CLANG_WARN_EMPTY_BODY = YES;
				CLANG_WARN_ENUM_CONVERSION = YES;
				CLANG_WARN_INFINITE_RECURSION = YES;
				CLANG_WARN_INT_CONVERSION = YES;
				CLANG_WARN_NON_LITERAL_NULL_CONVERSION = YES;
				CLANG_WARN_OBJC_LITERAL_CONVERSION = YES;
				CLANG_WARN_OBJC_ROOT_CLASS = YES_ERROR;
				CLANG_WARN_RANGE_LOOP_ANALYSIS = YES;
				CLANG_WARN_STRICT_PROTOTYPES = YES;
				CLANG_WARN_SUSPICIOUS_MOVE = YES;
				CLANG_WARN_UNGUARDED_AVAILABILITY = YES_AGGRESSIVE;
				CLANG_WARN_UNREACHABLE_CODE = YES;
				CLANG_WARN__DUPLICATE_METHOD_MATCH = YES;
				CODE_SIGN_IDENTITY = "iPhone Developer";
				COPY_PHASE_STRIP = NO;
				DEBUG_INFORMATION_FORMAT = dwarf;
				ENABLE_STRICT_OBJC_MSGSEND = YES;
				ENABLE_TESTABILITY = YES;
				GCC_C_LANGUAGE_STANDARD = gnu11;
				GCC_DYNAMIC_NO_PIC = NO;
				GCC_NO_COMMON_BLOCKS = YES;
				GCC_OPTIMIZATION_LEVEL = 0;
				GCC_PREPROCESSOR_DEFINITIONS = (
					"DEBUG=1",
					"$(inherited)",
				);
				GCC_WARN_64_TO_32_BIT_CONVERSION = YES;
				GCC_WARN_ABOUT_RETURN_TYPE = YES_ERROR;
				GCC_WARN_UNDECLARED_SELECTOR = YES;
				GCC_WARN_UNINITIALIZED_AUTOS = YES_AGGRESSIVE;
				GCC_WARN_UNUSED_FUNCTION = YES;
				GCC_WARN_UNUSED_VARIABLE = YES;
				IPHONEOS_DEPLOYMENT_TARGET = 11.0;
				MTL_ENABLE_DEBUG_INFO = YES;
				ONLY_ACTIVE_ARCH = YES;
				SDKROOT = iphoneos;
			};
			name = Debug;
		};
		4A08DAE81FB031A300EE2E49 /* Release */ = {
			isa = XCBuildConfiguration;
			buildSettings = {
				ALWAYS_SEARCH_USER_PATHS = NO;
				CLANG_ANALYZER_NONNULL = YES;
				CLANG_ANALYZER_NUMBER_OBJECT_CONVERSION = YES_AGGRESSIVE;
				CLANG_CXX_LANGUAGE_STANDARD = "gnu++14";
				CLANG_CXX_LIBRARY = "libc++";
				CLANG_ENABLE_MODULES = YES;
				CLANG_ENABLE_OBJC_ARC = YES;
				CLANG_WARN_BLOCK_CAPTURE_AUTORELEASING = YES;
				CLANG_WARN_BOOL_CONVERSION = YES;
				CLANG_WARN_COMMA = YES;
				CLANG_WARN_CONSTANT_CONVERSION = YES;
				CLANG_WARN_DIRECT_OBJC_ISA_USAGE = YES_ERROR;
				CLANG_WARN_DOCUMENTATION_COMMENTS = YES;
				CLANG_WARN_EMPTY_BODY = YES;
				CLANG_WARN_ENUM_CONVERSION = YES;
				CLANG_WARN_INFINITE_RECURSION = YES;
				CLANG_WARN_INT_CONVERSION = YES;
				CLANG_WARN_NON_LITERAL_NULL_CONVERSION = YES;
				CLANG_WARN_OBJC_LITERAL_CONVERSION = YES;
				CLANG_WARN_OBJC_ROOT_CLASS = YES_ERROR;
				CLANG_WARN_RANGE_LOOP_ANALYSIS = YES;
				CLANG_WARN_STRICT_PROTOTYPES = YES;
				CLANG_WARN_SUSPICIOUS_MOVE = YES;
				CLANG_WARN_UNGUARDED_AVAILABILITY = YES_AGGRESSIVE;
				CLANG_WARN_UNREACHABLE_CODE = YES;
				CLANG_WARN__DUPLICATE_METHOD_MATCH = YES;
				CODE_SIGN_IDENTITY = "iPhone Developer";
				COPY_PHASE_STRIP = NO;
				DEBUG_INFORMATION_FORMAT = "dwarf-with-dsym";
				ENABLE_NS_ASSERTIONS = NO;
				ENABLE_STRICT_OBJC_MSGSEND = YES;
				GCC_C_LANGUAGE_STANDARD = gnu11;
				GCC_NO_COMMON_BLOCKS = YES;
				GCC_WARN_64_TO_32_BIT_CONVERSION = YES;
				GCC_WARN_ABOUT_RETURN_TYPE = YES_ERROR;
				GCC_WARN_UNDECLARED_SELECTOR = YES;
				GCC_WARN_UNINITIALIZED_AUTOS = YES_AGGRESSIVE;
				GCC_WARN_UNUSED_FUNCTION = YES;
				GCC_WARN_UNUSED_VARIABLE = YES;
				IPHONEOS_DEPLOYMENT_TARGET = 11.0;
				MTL_ENABLE_DEBUG_INFO = NO;
				SDKROOT = iphoneos;
				VALIDATE_PRODUCT = YES;
			};
			name = Release;
		};
		4A08DAEA1FB031A300EE2E49 /* Debug */ = {
			isa = XCBuildConfiguration;
			buildSettings = {
				ASSETCATALOG_COMPILER_APPICON_NAME = AppIcon;
				CODE_SIGN_STYLE = Automatic;
				DEVELOPMENT_TEAM = PE79EJX2E2;
				INFOPLIST_FILE = WWTool/Info.plist;
				LD_RUNPATH_SEARCH_PATHS = "$(inherited) @executable_path/Frameworks";
				PRODUCT_BUNDLE_IDENTIFIER = safetyWifi.weiwang.com.WWTool;
				PRODUCT_NAME = "$(TARGET_NAME)";
				TARGETED_DEVICE_FAMILY = "1,2";
			};
			name = Debug;
		};
		4A08DAEB1FB031A300EE2E49 /* Release */ = {
			isa = XCBuildConfiguration;
			buildSettings = {
				ASSETCATALOG_COMPILER_APPICON_NAME = AppIcon;
				CODE_SIGN_STYLE = Automatic;
				DEVELOPMENT_TEAM = PE79EJX2E2;
				INFOPLIST_FILE = WWTool/Info.plist;
				LD_RUNPATH_SEARCH_PATHS = "$(inherited) @executable_path/Frameworks";
				PRODUCT_BUNDLE_IDENTIFIER = safetyWifi.weiwang.com.WWTool;
				PRODUCT_NAME = "$(TARGET_NAME)";
				TARGETED_DEVICE_FAMILY = "1,2";
			};
			name = Release;
		};
		4A08DAED1FB031A300EE2E49 /* Debug */ = {
			isa = XCBuildConfiguration;
			buildSettings = {
				BUNDLE_LOADER = "$(TEST_HOST)";
				CODE_SIGN_STYLE = Automatic;
				DEVELOPMENT_TEAM = PE79EJX2E2;
				INFOPLIST_FILE = WWToolTests/Info.plist;
				LD_RUNPATH_SEARCH_PATHS = "$(inherited) @executable_path/Frameworks @loader_path/Frameworks";
				PRODUCT_BUNDLE_IDENTIFIER = safetyWifi.weiwang.com.WWToolTests;
				PRODUCT_NAME = "$(TARGET_NAME)";
				TARGETED_DEVICE_FAMILY = "1,2";
				TEST_HOST = "$(BUILT_PRODUCTS_DIR)/WWTool.app/WWTool";
			};
			name = Debug;
		};
		4A08DAEE1FB031A300EE2E49 /* Release */ = {
			isa = XCBuildConfiguration;
			buildSettings = {
				BUNDLE_LOADER = "$(TEST_HOST)";
				CODE_SIGN_STYLE = Automatic;
				DEVELOPMENT_TEAM = PE79EJX2E2;
				INFOPLIST_FILE = WWToolTests/Info.plist;
				LD_RUNPATH_SEARCH_PATHS = "$(inherited) @executable_path/Frameworks @loader_path/Frameworks";
				PRODUCT_BUNDLE_IDENTIFIER = safetyWifi.weiwang.com.WWToolTests;
				PRODUCT_NAME = "$(TARGET_NAME)";
				TARGETED_DEVICE_FAMILY = "1,2";
				TEST_HOST = "$(BUILT_PRODUCTS_DIR)/WWTool.app/WWTool";
			};
			name = Release;
		};
		4A08DAF01FB031A300EE2E49 /* Debug */ = {
			isa = XCBuildConfiguration;
			buildSettings = {
				CODE_SIGN_STYLE = Automatic;
				DEVELOPMENT_TEAM = PE79EJX2E2;
				INFOPLIST_FILE = WWToolUITests/Info.plist;
				LD_RUNPATH_SEARCH_PATHS = "$(inherited) @executable_path/Frameworks @loader_path/Frameworks";
				PRODUCT_BUNDLE_IDENTIFIER = safetyWifi.weiwang.com.WWToolUITests;
				PRODUCT_NAME = "$(TARGET_NAME)";
				TARGETED_DEVICE_FAMILY = "1,2";
				TEST_TARGET_NAME = WWTool;
			};
			name = Debug;
		};
		4A08DAF11FB031A300EE2E49 /* Release */ = {
			isa = XCBuildConfiguration;
			buildSettings = {
				CODE_SIGN_STYLE = Automatic;
				DEVELOPMENT_TEAM = PE79EJX2E2;
				INFOPLIST_FILE = WWToolUITests/Info.plist;
				LD_RUNPATH_SEARCH_PATHS = "$(inherited) @executable_path/Frameworks @loader_path/Frameworks";
				PRODUCT_BUNDLE_IDENTIFIER = safetyWifi.weiwang.com.WWToolUITests;
				PRODUCT_NAME = "$(TARGET_NAME)";
				TARGETED_DEVICE_FAMILY = "1,2";
				TEST_TARGET_NAME = WWTool;
			};
			name = Release;
		};
/* End XCBuildConfiguration section */

/* Begin XCConfigurationList section */
		4A08DAB51FB031A200EE2E49 /* Build configuration list for PBXProject "WWTool" */ = {
			isa = XCConfigurationList;
			buildConfigurations = (
				4A08DAE71FB031A300EE2E49 /* Debug */,
				4A08DAE81FB031A300EE2E49 /* Release */,
			);
			defaultConfigurationIsVisible = 0;
			defaultConfigurationName = Release;
		};
		4A08DAE91FB031A300EE2E49 /* Build configuration list for PBXNativeTarget "WWTool" */ = {
			isa = XCConfigurationList;
			buildConfigurations = (
				4A08DAEA1FB031A300EE2E49 /* Debug */,
				4A08DAEB1FB031A300EE2E49 /* Release */,
			);
			defaultConfigurationIsVisible = 0;
			defaultConfigurationName = Release;
		};
		4A08DAEC1FB031A300EE2E49 /* Build configuration list for PBXNativeTarget "WWToolTests" */ = {
			isa = XCConfigurationList;
			buildConfigurations = (
				4A08DAED1FB031A300EE2E49 /* Debug */,
				4A08DAEE1FB031A300EE2E49 /* Release */,
			);
			defaultConfigurationIsVisible = 0;
			defaultConfigurationName = Release;
		};
		4A08DAEF1FB031A300EE2E49 /* Build configuration list for PBXNativeTarget "WWToolUITests" */ = {
			isa = XCConfigurationList;
			buildConfigurations = (
				4A08DAF01FB031A300EE2E49 /* Debug */,
				4A08DAF11FB031A300EE2E49 /* Release */,
			);
			defaultConfigurationIsVisible = 0;
			defaultConfigurationName = Release;
		};
/* End XCConfigurationList section */

/* Begin XCVersionGroup section */
		4A08DAC61FB031A200EE2E49 /* WWTool.xcdatamodeld */ = {
			isa = XCVersionGroup;
			children = (
				4A08DAC71FB031A200EE2E49 /* WWTool.xcdatamodel */,
			);
			currentVersion = 4A08DAC71FB031A200EE2E49 /* WWTool.xcdatamodel */;
			path = WWTool.xcdatamodeld;
			sourceTree = "<group>";
			versionGroupType = wrapper.xcdatamodel;
		};
/* End XCVersionGroup section */
	};
	rootObject = 4A08DAB21FB031A200EE2E49 /* Project object */;
}
